PODS:
  - Alamofire (5.6.4)
  - Kingfisher (7.4.1)
  - Realm (10.33.0):
    - Realm/Headers (= 10.33.0)
  - Realm/Headers (10.33.0)
  - RealmSwift (10.33.0):
    - Realm (= 10.33.0)
  - SnapKit (5.6.0)

DEPENDENCIES:
  - Alamofire
  - Kingfisher
  - RealmSwift
  - SnapKit

SPEC REPOS:
  trunk:
    - Alamofire
    - Kingfisher
    - Realm
    - RealmSwift
    - SnapKit

SPEC CHECKSUMS:
  Alamofire: 4e95d97098eacb88856099c4fc79b526a299e48c
  Kingfisher: cd762a593a61b2fbecf7645c00f9a801a3ebfc9c
  Realm: d4f810e161fa2c2c589b9860b6eb09238deacd73
  RealmSwift: cef9946f09f2333a8f2ac8bac4f8de52fb9f5ac3
  SnapKit: e01d52ebb8ddbc333eefe2132acf85c8227d9c25

PODFILE CHECKSUM: def669370162bf6b19bdb2ba47ffb5b5b2710491

COCOAPODS: 1.11.3
