// !$*UTF8*$!
{
	archiveVersion = 1;
	classes = {
	};
	objectVersion = 56;
	objects = {

/* Begin PBXBuildFile section */
		0F73873C2932709D00FD8C3B /* Kingfisher in Frameworks */ = {isa = PBXBuildFile; productRef = 0F73873B2932709D00FD8C3B /* Kingfisher */; };
		0F7387462932820900FD8C3B /* DetailsViewController.swift in Sources */ = {isa = PBXBuildFile; fileRef = 0F7387452932820900FD8C3B /* DetailsViewController.swift */; };
		0F73874829328AEA00FD8C3B /* SceneDelegate.swift in Sources */ = {isa = PBXBuildFile; fileRef = 0F73874729328AEA00FD8C3B /* SceneDelegate.swift */; };
		0FA84B81293CCFDE0065E69F /* TinyConstraints in Frameworks */ = {isa = PBXBuildFile; productRef = 0FA84B80293CCFDE0065E69F /* TinyConstraints */; };
		554AF2802901762E003CC67A /* Roboto-Medium.ttf in Resources */ = {isa = PBXBuildFile; fileRef = 554AF27029017629003CC67A /* Roboto-Medium.ttf */; };
		554AF2812901762E003CC67A /* Roboto-BlackItalic.ttf in Resources */ = {isa = PBXBuildFile; fileRef = 554AF27129017629003CC67A /* Roboto-BlackItalic.ttf */; };
		554AF2822901762E003CC67A /* Roboto-Condensed.ttf in Resources */ = {isa = PBXBuildFile; fileRef = 554AF2722901762A003CC67A /* Roboto-Condensed.ttf */; };
		554AF2832901762E003CC67A /* Roboto-CondensedItalic.ttf in Resources */ = {isa = PBXBuildFile; fileRef = 554AF2732901762A003CC67A /* Roboto-CondensedItalic.ttf */; };
		554AF2842901762F003CC67A /* Roboto-BoldItalic.ttf in Resources */ = {isa = PBXBuildFile; fileRef = 554AF2742901762B003CC67A /* Roboto-BoldItalic.ttf */; };
		554AF2852901762F003CC67A /* Roboto-Black.ttf in Resources */ = {isa = PBXBuildFile; fileRef = 554AF2752901762B003CC67A /* Roboto-Black.ttf */; };
		554AF2862901762F003CC67A /* Roboto-BoldCondensed.ttf in Resources */ = {isa = PBXBuildFile; fileRef = 554AF2762901762B003CC67A /* Roboto-BoldCondensed.ttf */; };
		554AF2872901762F003CC67A /* Roboto-Italic.ttf in Resources */ = {isa = PBXBuildFile; fileRef = 554AF2772901762C003CC67A /* Roboto-Italic.ttf */; };
		554AF2882901762F003CC67A /* Roboto-Thin.ttf in Resources */ = {isa = PBXBuildFile; fileRef = 554AF2782901762C003CC67A /* Roboto-Thin.ttf */; };
		554AF2892901762F003CC67A /* Roboto-MediumItalic.ttf in Resources */ = {isa = PBXBuildFile; fileRef = 554AF2792901762D003CC67A /* Roboto-MediumItalic.ttf */; };
		554AF28A2901762F003CC67A /* Roboto-Regular.ttf in Resources */ = {isa = PBXBuildFile; fileRef = 554AF27A2901762D003CC67A /* Roboto-Regular.ttf */; };
		554AF28B2901762F003CC67A /* Roboto-BoldCondensedItalic.ttf in Resources */ = {isa = PBXBuildFile; fileRef = 554AF27B2901762D003CC67A /* Roboto-BoldCondensedItalic.ttf */; };
		554AF28C2901762F003CC67A /* Roboto-ThinItalic.ttf in Resources */ = {isa = PBXBuildFile; fileRef = 554AF27C2901762D003CC67A /* Roboto-ThinItalic.ttf */; };
		554AF28D2901762F003CC67A /* Roboto-LightItalic.ttf in Resources */ = {isa = PBXBuildFile; fileRef = 554AF27D2901762E003CC67A /* Roboto-LightItalic.ttf */; };
		554AF28E2901762F003CC67A /* Roboto-Light.ttf in Resources */ = {isa = PBXBuildFile; fileRef = 554AF27E2901762E003CC67A /* Roboto-Light.ttf */; };
		554AF28F2901762F003CC67A /* Roboto-Bold.ttf in Resources */ = {isa = PBXBuildFile; fileRef = 554AF27F2901762E003CC67A /* Roboto-Bold.ttf */; };
		554AF292290179B2003CC67A /* PagingCollectionViewLayout.swift in Sources */ = {isa = PBXBuildFile; fileRef = 554AF291290179B2003CC67A /* PagingCollectionViewLayout.swift */; };
		554AF2942901D931003CC67A /* CollectionViewCard.swift in Sources */ = {isa = PBXBuildFile; fileRef = 554AF2932901D931003CC67A /* CollectionViewCard.swift */; };
		554AF2962905A828003CC67A /* HeroModel.swift in Sources */ = {isa = PBXBuildFile; fileRef = 554AF2952905A828003CC67A /* HeroModel.swift */; };
		554AF2982905A957003CC67A /* HeroList.swift in Sources */ = {isa = PBXBuildFile; fileRef = 554AF2972905A957003CC67A /* HeroList.swift */; };
		55B9FF4F2900937E00F64053 /* AppDelegate.swift in Sources */ = {isa = PBXBuildFile; fileRef = 55B9FF4E2900937E00F64053 /* AppDelegate.swift */; };
		55B9FF582900937F00F64053 /* Assets.xcassets in Resources */ = {isa = PBXBuildFile; fileRef = 55B9FF572900937F00F64053 /* Assets.xcassets */; };
		55B9FF5B2900937F00F64053 /* LaunchScreen.storyboard in Resources */ = {isa = PBXBuildFile; fileRef = 55B9FF592900937F00F64053 /* LaunchScreen.storyboard */; };
		55B9FF6C290098C100F64053 /* ListViewController.swift in Sources */ = {isa = PBXBuildFile; fileRef = 55B9FF6B290098C100F64053 /* ListViewController.swift */; };
		ACA5EFDF2AAE5C65D2B889BD /* Pods_marvel_app_labs.framework in Frameworks */ = {isa = PBXBuildFile; fileRef = E9E4A9EB13F811998944D35D /* Pods_marvel_app_labs.framework */; };
		F7BDDA9D2906627400D4E7FE /* BackgroundColor.swift in Sources */ = {isa = PBXBuildFile; fileRef = F7BDDA9C2906627400D4E7FE /* BackgroundColor.swift */; };
		F7BDDA9F2906764400D4E7FE /* Static.swift in Sources */ = {isa = PBXBuildFile; fileRef = F7BDDA9E2906764400D4E7FE /* Static.swift */; };
		F7BDDAA229068BD000D4E7FE /* SnapKit in Frameworks */ = {isa = PBXBuildFile; productRef = F7BDDAA129068BD000D4E7FE /* SnapKit */; };
/* End PBXBuildFile section */

/* Begin PBXCopyFilesBuildPhase section */
		55B9FF6A2900969A00F64053 /* Embed Frameworks */ = {
			isa = PBXCopyFilesBuildPhase;
			buildActionMask = 2147483647;
			dstPath = "";
			dstSubfolderSpec = 10;
			files = (
			);
			name = "Embed Frameworks";
			runOnlyForDeploymentPostprocessing = 0;
		};
/* End PBXCopyFilesBuildPhase section */

/* Begin PBXFileReference section */
		0F7387452932820900FD8C3B /* DetailsViewController.swift */ = {isa = PBXFileReference; lastKnownFileType = sourcecode.swift; path = DetailsViewController.swift; sourceTree = "<group>"; };
		0F73874729328AEA00FD8C3B /* SceneDelegate.swift */ = {isa = PBXFileReference; lastKnownFileType = sourcecode.swift; path = SceneDelegate.swift; sourceTree = "<group>"; };
		35649D0ECA469F4410335BDD /* Pods-marvel_app_labs.release.xcconfig */ = {isa = PBXFileReference; includeInIndex = 1; lastKnownFileType = text.xcconfig; name = "Pods-marvel_app_labs.release.xcconfig"; path = "Target Support Files/Pods-marvel_app_labs/Pods-marvel_app_labs.release.xcconfig"; sourceTree = "<group>"; };
		554AF27029017629003CC67A /* Roboto-Medium.ttf */ = {isa = PBXFileReference; lastKnownFileType = file; path = "Roboto-Medium.ttf"; sourceTree = "<group>"; };
		554AF27129017629003CC67A /* Roboto-BlackItalic.ttf */ = {isa = PBXFileReference; lastKnownFileType = file; path = "Roboto-BlackItalic.ttf"; sourceTree = "<group>"; };
		554AF2722901762A003CC67A /* Roboto-Condensed.ttf */ = {isa = PBXFileReference; lastKnownFileType = file; path = "Roboto-Condensed.ttf"; sourceTree = "<group>"; };
		554AF2732901762A003CC67A /* Roboto-CondensedItalic.ttf */ = {isa = PBXFileReference; lastKnownFileType = file; path = "Roboto-CondensedItalic.ttf"; sourceTree = "<group>"; };
		554AF2742901762B003CC67A /* Roboto-BoldItalic.ttf */ = {isa = PBXFileReference; lastKnownFileType = file; path = "Roboto-BoldItalic.ttf"; sourceTree = "<group>"; };
		554AF2752901762B003CC67A /* Roboto-Black.ttf */ = {isa = PBXFileReference; lastKnownFileType = file; path = "Roboto-Black.ttf"; sourceTree = "<group>"; };
		554AF2762901762B003CC67A /* Roboto-BoldCondensed.ttf */ = {isa = PBXFileReference; lastKnownFileType = file; path = "Roboto-BoldCondensed.ttf"; sourceTree = "<group>"; };
		554AF2772901762C003CC67A /* Roboto-Italic.ttf */ = {isa = PBXFileReference; lastKnownFileType = file; path = "Roboto-Italic.ttf"; sourceTree = "<group>"; };
		554AF2782901762C003CC67A /* Roboto-Thin.ttf */ = {isa = PBXFileReference; lastKnownFileType = file; path = "Roboto-Thin.ttf"; sourceTree = "<group>"; };
		554AF2792901762D003CC67A /* Roboto-MediumItalic.ttf */ = {isa = PBXFileReference; lastKnownFileType = file; path = "Roboto-MediumItalic.ttf"; sourceTree = "<group>"; };
		554AF27A2901762D003CC67A /* Roboto-Regular.ttf */ = {isa = PBXFileReference; lastKnownFileType = file; path = "Roboto-Regular.ttf"; sourceTree = "<group>"; };
		554AF27B2901762D003CC67A /* Roboto-BoldCondensedItalic.ttf */ = {isa = PBXFileReference; lastKnownFileType = file; path = "Roboto-BoldCondensedItalic.ttf"; sourceTree = "<group>"; };
		554AF27C2901762D003CC67A /* Roboto-ThinItalic.ttf */ = {isa = PBXFileReference; lastKnownFileType = file; path = "Roboto-ThinItalic.ttf"; sourceTree = "<group>"; };
		554AF27D2901762E003CC67A /* Roboto-LightItalic.ttf */ = {isa = PBXFileReference; lastKnownFileType = file; path = "Roboto-LightItalic.ttf"; sourceTree = "<group>"; };
		554AF27E2901762E003CC67A /* Roboto-Light.ttf */ = {isa = PBXFileReference; lastKnownFileType = file; path = "Roboto-Light.ttf"; sourceTree = "<group>"; };
		554AF27F2901762E003CC67A /* Roboto-Bold.ttf */ = {isa = PBXFileReference; lastKnownFileType = file; path = "Roboto-Bold.ttf"; sourceTree = "<group>"; };
		554AF291290179B2003CC67A /* PagingCollectionViewLayout.swift */ = {isa = PBXFileReference; lastKnownFileType = sourcecode.swift; path = PagingCollectionViewLayout.swift; sourceTree = "<group>"; };
		554AF2932901D931003CC67A /* CollectionViewCard.swift */ = {isa = PBXFileReference; lastKnownFileType = sourcecode.swift; path = CollectionViewCard.swift; sourceTree = "<group>"; };
		554AF2952905A828003CC67A /* HeroModel.swift */ = {isa = PBXFileReference; lastKnownFileType = sourcecode.swift; path = HeroModel.swift; sourceTree = "<group>"; };
		554AF2972905A957003CC67A /* HeroList.swift */ = {isa = PBXFileReference; lastKnownFileType = sourcecode.swift; path = HeroList.swift; sourceTree = "<group>"; };
		55B9FF4B2900937E00F64053 /* marvel_app_labs.app */ = {isa = PBXFileReference; explicitFileType = wrapper.application; includeInIndex = 0; path = marvel_app_labs.app; sourceTree = BUILT_PRODUCTS_DIR; };
		55B9FF4E2900937E00F64053 /* AppDelegate.swift */ = {isa = PBXFileReference; lastKnownFileType = sourcecode.swift; path = AppDelegate.swift; sourceTree = "<group>"; };
		55B9FF572900937F00F64053 /* Assets.xcassets */ = {isa = PBXFileReference; lastKnownFileType = folder.assetcatalog; path = Assets.xcassets; sourceTree = "<group>"; };
		55B9FF5A2900937F00F64053 /* Base */ = {isa = PBXFileReference; lastKnownFileType = file.storyboard; name = Base; path = Base.lproj/LaunchScreen.storyboard; sourceTree = "<group>"; };
		55B9FF5C2900937F00F64053 /* Info.plist */ = {isa = PBXFileReference; lastKnownFileType = text.plist.xml; path = Info.plist; sourceTree = "<group>"; };
		55B9FF6B290098C100F64053 /* ListViewController.swift */ = {isa = PBXFileReference; lastKnownFileType = sourcecode.swift; path = ListViewController.swift; sourceTree = "<group>"; };
		6019810F4474EC303FD8BCA0 /* Pods-marvel_app_labs.debug.xcconfig */ = {isa = PBXFileReference; includeInIndex = 1; lastKnownFileType = text.xcconfig; name = "Pods-marvel_app_labs.debug.xcconfig"; path = "Target Support Files/Pods-marvel_app_labs/Pods-marvel_app_labs.debug.xcconfig"; sourceTree = "<group>"; };
		E9E4A9EB13F811998944D35D /* Pods_marvel_app_labs.framework */ = {isa = PBXFileReference; explicitFileType = wrapper.framework; includeInIndex = 0; path = Pods_marvel_app_labs.framework; sourceTree = BUILT_PRODUCTS_DIR; };
		F7BDDA9C2906627400D4E7FE /* BackgroundColor.swift */ = {isa = PBXFileReference; lastKnownFileType = sourcecode.swift; path = BackgroundColor.swift; sourceTree = "<group>"; };
		F7BDDA9E2906764400D4E7FE /* Static.swift */ = {isa = PBXFileReference; lastKnownFileType = sourcecode.swift; path = Static.swift; sourceTree = "<group>"; };
/* End PBXFileReference section */

/* Begin PBXFrameworksBuildPhase section */
		55B9FF482900937E00F64053 /* Frameworks */ = {
			isa = PBXFrameworksBuildPhase;
			buildActionMask = 2147483647;
			files = (
				0F73873C2932709D00FD8C3B /* Kingfisher in Frameworks */,
				F7BDDAA229068BD000D4E7FE /* SnapKit in Frameworks */,
				ACA5EFDF2AAE5C65D2B889BD /* Pods_marvel_app_labs.framework in Frameworks */,
				0FA84B81293CCFDE0065E69F /* TinyConstraints in Frameworks */,
			);
			runOnlyForDeploymentPostprocessing = 0;
		};
/* End PBXFrameworksBuildPhase section */

/* Begin PBXGroup section */
		1FB39CE3B1E8B72E9D1A0D69 /* Pods */ = {
			isa = PBXGroup;
			children = (
				6019810F4474EC303FD8BCA0 /* Pods-marvel_app_labs.debug.xcconfig */,
				35649D0ECA469F4410335BDD /* Pods-marvel_app_labs.release.xcconfig */,
			);
			path = Pods;
			sourceTree = "<group>";
		};
		554AF29029017639003CC67A /* font */ = {
			isa = PBXGroup;
			children = (
				554AF2752901762B003CC67A /* Roboto-Black.ttf */,
				554AF27129017629003CC67A /* Roboto-BlackItalic.ttf */,
				554AF27F2901762E003CC67A /* Roboto-Bold.ttf */,
				554AF2762901762B003CC67A /* Roboto-BoldCondensed.ttf */,
				554AF27B2901762D003CC67A /* Roboto-BoldCondensedItalic.ttf */,
				554AF2742901762B003CC67A /* Roboto-BoldItalic.ttf */,
				554AF2722901762A003CC67A /* Roboto-Condensed.ttf */,
				554AF2732901762A003CC67A /* Roboto-CondensedItalic.ttf */,
				554AF2772901762C003CC67A /* Roboto-Italic.ttf */,
				554AF27E2901762E003CC67A /* Roboto-Light.ttf */,
				554AF27D2901762E003CC67A /* Roboto-LightItalic.ttf */,
				554AF27029017629003CC67A /* Roboto-Medium.ttf */,
				554AF2792901762D003CC67A /* Roboto-MediumItalic.ttf */,
				554AF27A2901762D003CC67A /* Roboto-Regular.ttf */,
				554AF2782901762C003CC67A /* Roboto-Thin.ttf */,
				554AF27C2901762D003CC67A /* Roboto-ThinItalic.ttf */,
			);
			path = font;
			sourceTree = "<group>";
		};
		55B9FF422900937D00F64053 = {
			isa = PBXGroup;
			children = (
				55B9FF4D2900937E00F64053 /* marvel_app_labs */,
				55B9FF4C2900937E00F64053 /* Products */,
				1FB39CE3B1E8B72E9D1A0D69 /* Pods */,
				7F2656327DA5BC2A0E3F84D1 /* Frameworks */,
			);
			sourceTree = "<group>";
		};
		55B9FF4C2900937E00F64053 /* Products */ = {
			isa = PBXGroup;
			children = (
				55B9FF4B2900937E00F64053 /* marvel_app_labs.app */,
			);
			name = Products;
			sourceTree = "<group>";
		};
		55B9FF4D2900937E00F64053 /* marvel_app_labs */ = {
			isa = PBXGroup;
			children = (
				55B9FF4E2900937E00F64053 /* AppDelegate.swift */,
				554AF2952905A828003CC67A /* HeroModel.swift */,
				554AF2972905A957003CC67A /* HeroList.swift */,
				F7BDDA9E2906764400D4E7FE /* Static.swift */,
				55B9FF6B290098C100F64053 /* ListViewController.swift */,
				554AF2932901D931003CC67A /* CollectionViewCard.swift */,
				F7BDDA9C2906627400D4E7FE /* BackgroundColor.swift */,
				554AF291290179B2003CC67A /* PagingCollectionViewLayout.swift */,
				55B9FF572900937F00F64053 /* Assets.xcassets */,
				554AF29029017639003CC67A /* font */,
				55B9FF592900937F00F64053 /* LaunchScreen.storyboard */,
				55B9FF5C2900937F00F64053 /* Info.plist */,
				0F7387452932820900FD8C3B /* DetailsViewController.swift */,
				0F73874729328AEA00FD8C3B /* SceneDelegate.swift */,
			);
			path = marvel_app_labs;
			sourceTree = "<group>";
		};
		7F2656327DA5BC2A0E3F84D1 /* Frameworks */ = {
			isa = PBXGroup;
			children = (
				E9E4A9EB13F811998944D35D /* Pods_marvel_app_labs.framework */,
			);
			name = Frameworks;
			sourceTree = "<group>";
		};
/* End PBXGroup section */

/* Begin PBXNativeTarget section */
		55B9FF4A2900937E00F64053 /* marvel_app_labs */ = {
			isa = PBXNativeTarget;
			buildConfigurationList = 55B9FF5F2900937F00F64053 /* Build configuration list for PBXNativeTarget "marvel_app_labs" */;
			buildPhases = (
				3F6B5276B9502DC86CE50DB4 /* [CP] Check Pods Manifest.lock */,
				55B9FF472900937E00F64053 /* Sources */,
				55B9FF482900937E00F64053 /* Frameworks */,
				55B9FF492900937E00F64053 /* Resources */,
				55B9FF6A2900969A00F64053 /* Embed Frameworks */,
				0F9F674529271002003BE7C7 /* ShellScript */,
				4C6024991FA23471BC9BFCFC /* [CP] Embed Pods Frameworks */,
			);
			buildRules = (
			);
			dependencies = (
			);
			name = marvel_app_labs;
			packageProductDependencies = (
				F7BDDAA129068BD000D4E7FE /* SnapKit */,
				0F73873B2932709D00FD8C3B /* Kingfisher */,
				0FA84B80293CCFDE0065E69F /* TinyConstraints */,
			);
			productName = marvel111;
			productReference = 55B9FF4B2900937E00F64053 /* marvel_app_labs.app */;
			productType = "com.apple.product-type.application";
		};
/* End PBXNativeTarget section */

/* Begin PBXProject section */
		55B9FF432900937D00F64053 /* Project object */ = {
			isa = PBXProject;
			attributes = {
				BuildIndependentTargetsInParallel = 1;
				LastSwiftUpdateCheck = 1400;
				LastUpgradeCheck = 1400;
				TargetAttributes = {
					55B9FF4A2900937E00F64053 = {
						CreatedOnToolsVersion = 14.0.1;
					};
				};
			};
			buildConfigurationList = 55B9FF462900937D00F64053 /* Build configuration list for PBXProject "marvel_app_labs" */;
			compatibilityVersion = "Xcode 14.0";
			developmentRegion = en;
			hasScannedForEncodings = 0;
			knownRegions = (
				en,
				Base,
			);
			mainGroup = 55B9FF422900937D00F64053;
			packageReferences = (
				F7BDDAA029068BD000D4E7FE /* XCRemoteSwiftPackageReference "SnapKit" */,
				0F73873A2932709D00FD8C3B /* XCRemoteSwiftPackageReference "Kingfisher" */,
				0FA84B7F293CCFDE0065E69F /* XCRemoteSwiftPackageReference "TinyConstraints" */,
			);
			productRefGroup = 55B9FF4C2900937E00F64053 /* Products */;
			projectDirPath = "";
			projectRoot = "";
			targets = (
				55B9FF4A2900937E00F64053 /* marvel_app_labs */,
			);
		};
/* End PBXProject section */

/* Begin PBXResourcesBuildPhase section */
		55B9FF492900937E00F64053 /* Resources */ = {
			isa = PBXResourcesBuildPhase;
			buildActionMask = 2147483647;
			files = (
				554AF28C2901762F003CC67A /* Roboto-ThinItalic.ttf in Resources */,
				55B9FF5B2900937F00F64053 /* LaunchScreen.storyboard in Resources */,
				554AF28D2901762F003CC67A /* Roboto-LightItalic.ttf in Resources */,
				554AF2832901762E003CC67A /* Roboto-CondensedItalic.ttf in Resources */,
				55B9FF582900937F00F64053 /* Assets.xcassets in Resources */,
				554AF2852901762F003CC67A /* Roboto-Black.ttf in Resources */,
				554AF2892901762F003CC67A /* Roboto-MediumItalic.ttf in Resources */,
				554AF2882901762F003CC67A /* Roboto-Thin.ttf in Resources */,
				554AF2802901762E003CC67A /* Roboto-Medium.ttf in Resources */,
				554AF2822901762E003CC67A /* Roboto-Condensed.ttf in Resources */,
				554AF2842901762F003CC67A /* Roboto-BoldItalic.ttf in Resources */,
				554AF2872901762F003CC67A /* Roboto-Italic.ttf in Resources */,
				554AF28E2901762F003CC67A /* Roboto-Light.ttf in Resources */,
				554AF28B2901762F003CC67A /* Roboto-BoldCondensedItalic.ttf in Resources */,
				554AF28F2901762F003CC67A /* Roboto-Bold.ttf in Resources */,
				554AF28A2901762F003CC67A /* Roboto-Regular.ttf in Resources */,
				554AF2862901762F003CC67A /* Roboto-BoldCondensed.ttf in Resources */,
				554AF2812901762E003CC67A /* Roboto-BlackItalic.ttf in Resources */,
			);
			runOnlyForDeploymentPostprocessing = 0;
		};
/* End PBXResourcesBuildPhase section */

/* Begin PBXShellScriptBuildPhase section */
		0F9F674529271002003BE7C7 /* ShellScript */ = {
			isa = PBXShellScriptBuildPhase;
			buildActionMask = 2147483647;
			files = (
			);
			inputFileListPaths = (
			);
			inputPaths = (
			);
			outputFileListPaths = (
			);
			outputPaths = (
			);
			runOnlyForDeploymentPostprocessing = 0;
			shellPath = /bin/sh;
			shellScript = "export PATH=\"$PATH:/opt/homebrew/bin\"\nif which swiftlint > /dev/null; then\n  swiftlint\nelse\n  echo \"warning: SwiftLint not installed, download from https://github.com/realm/SwiftLint\"\nfi\n";
		};
		3F6B5276B9502DC86CE50DB4 /* [CP] Check Pods Manifest.lock */ = {
			isa = PBXShellScriptBuildPhase;
			buildActionMask = 2147483647;
			files = (
			);
			inputFileListPaths = (
			);
			inputPaths = (
				"${PODS_PODFILE_DIR_PATH}/Podfile.lock",
				"${PODS_ROOT}/Manifest.lock",
			);
			name = "[CP] Check Pods Manifest.lock";
			outputFileListPaths = (
			);
			outputPaths = (
				"$(DERIVED_FILE_DIR)/Pods-marvel_app_labs-checkManifestLockResult.txt",
			);
			runOnlyForDeploymentPostprocessing = 0;
			shellPath = /bin/sh;
			shellScript = "diff \"${PODS_PODFILE_DIR_PATH}/Podfile.lock\" \"${PODS_ROOT}/Manifest.lock\" > /dev/null\nif [ $? != 0 ] ; then\n    # print error to STDERR\n    echo \"error: The sandbox is not in sync with the Podfile.lock. Run 'pod install' or update your CocoaPods installation.\" >&2\n    exit 1\nfi\n# This output is used by Xcode 'outputs' to avoid re-running this script phase.\necho \"SUCCESS\" > \"${SCRIPT_OUTPUT_FILE_0}\"\n";
			showEnvVarsInLog = 0;
		};
		4C6024991FA23471BC9BFCFC /* [CP] Embed Pods Frameworks */ = {
			isa = PBXShellScriptBuildPhase;
			buildActionMask = 2147483647;
			files = (
			);
			inputFileListPaths = (
				"${PODS_ROOT}/Target Support Files/Pods-marvel_app_labs/Pods-marvel_app_labs-frameworks-${CONFIGURATION}-input-files.xcfilelist",
			);
			name = "[CP] Embed Pods Frameworks";
			outputFileListPaths = (
				"${PODS_ROOT}/Target Support Files/Pods-marvel_app_labs/Pods-marvel_app_labs-frameworks-${CONFIGURATION}-output-files.xcfilelist",
			);
			runOnlyForDeploymentPostprocessing = 0;
			shellPath = /bin/sh;
			shellScript = "\"${PODS_ROOT}/Target Support Files/Pods-marvel_app_labs/Pods-marvel_app_labs-frameworks.sh\"\n";
			showEnvVarsInLog = 0;
		};
/* End PBXShellScriptBuildPhase section */

/* Begin PBXSourcesBuildPhase section */
		55B9FF472900937E00F64053 /* Sources */ = {
			isa = PBXSourcesBuildPhase;
			buildActionMask = 2147483647;
			files = (
				55B9FF4F2900937E00F64053 /* AppDelegate.swift in Sources */,
				554AF2942901D931003CC67A /* CollectionViewCard.swift in Sources */,
				0F7387462932820900FD8C3B /* DetailsViewController.swift in Sources */,
				554AF292290179B2003CC67A /* PagingCollectionViewLayout.swift in Sources */,
				F7BDDA9D2906627400D4E7FE /* BackgroundColor.swift in Sources */,
				0F73874829328AEA00FD8C3B /* SceneDelegate.swift in Sources */,
				554AF2982905A957003CC67A /* HeroList.swift in Sources */,
				55B9FF6C290098C100F64053 /* ListViewController.swift in Sources */,
				554AF2962905A828003CC67A /* HeroModel.swift in Sources */,
				F7BDDA9F2906764400D4E7FE /* Static.swift in Sources */,
			);
			runOnlyForDeploymentPostprocessing = 0;
		};
/* End PBXSourcesBuildPhase section */

/* Begin PBXVariantGroup section */
		55B9FF592900937F00F64053 /* LaunchScreen.storyboard */ = {
			isa = PBXVariantGroup;
			children = (
				55B9FF5A2900937F00F64053 /* Base */,
			);
			name = LaunchScreen.storyboard;
			sourceTree = "<group>";
		};
/* End PBXVariantGroup section */

/* Begin XCBuildConfiguration section */
		55B9FF5D2900937F00F64053 /* Debug */ = {
			isa = XCBuildConfiguration;
			buildSettings = {
				ALWAYS_SEARCH_USER_PATHS = NO;
				CLANG_ANALYZER_NONNULL = YES;
				CLANG_ANALYZER_NUMBER_OBJECT_CONVERSION = YES_AGGRESSIVE;
				CLANG_CXX_LANGUAGE_STANDARD = "gnu++20";
				CLANG_ENABLE_MODULES = YES;
				CLANG_ENABLE_OBJC_ARC = YES;
				CLANG_ENABLE_OBJC_WEAK = YES;
				CLANG_WARN_BLOCK_CAPTURE_AUTORELEASING = YES;
				CLANG_WARN_BOOL_CONVERSION = YES;
				CLANG_WARN_COMMA = YES;
				CLANG_WARN_CONSTANT_CONVERSION = YES;
				CLANG_WARN_DEPRECATED_OBJC_IMPLEMENTATIONS = YES;
				CLANG_WARN_DIRECT_OBJC_ISA_USAGE = YES_ERROR;
				CLANG_WARN_DOCUMENTATION_COMMENTS = YES;
				CLANG_WARN_EMPTY_BODY = YES;
				CLANG_WARN_ENUM_CONVERSION = YES;
				CLANG_WARN_INFINITE_RECURSION = YES;
				CLANG_WARN_INT_CONVERSION = YES;
				CLANG_WARN_NON_LITERAL_NULL_CONVERSION = YES;
				CLANG_WARN_OBJC_IMPLICIT_RETAIN_SELF = YES;
				CLANG_WARN_OBJC_LITERAL_CONVERSION = YES;
				CLANG_WARN_OBJC_ROOT_CLASS = YES_ERROR;
				CLANG_WARN_QUOTED_INCLUDE_IN_FRAMEWORK_HEADER = YES;
				CLANG_WARN_RANGE_LOOP_ANALYSIS = YES;
				CLANG_WARN_STRICT_PROTOTYPES = YES;
				CLANG_WARN_SUSPICIOUS_MOVE = YES;
				CLANG_WARN_UNGUARDED_AVAILABILITY = YES_AGGRESSIVE;
				CLANG_WARN_UNREACHABLE_CODE = YES;
				CLANG_WARN__DUPLICATE_METHOD_MATCH = YES;
				COPY_PHASE_STRIP = NO;
				DEBUG_INFORMATION_FORMAT = dwarf;
				ENABLE_STRICT_OBJC_MSGSEND = YES;
				ENABLE_TESTABILITY = YES;
				GCC_C_LANGUAGE_STANDARD = gnu11;
				GCC_DYNAMIC_NO_PIC = NO;
				GCC_NO_COMMON_BLOCKS = YES;
				GCC_OPTIMIZATION_LEVEL = 0;
				GCC_PREPROCESSOR_DEFINITIONS = (
					"DEBUG=1",
					"$(inherited)",
				);
				GCC_WARN_64_TO_32_BIT_CONVERSION = YES;
				GCC_WARN_ABOUT_RETURN_TYPE = YES_ERROR;
				GCC_WARN_UNDECLARED_SELECTOR = YES;
				GCC_WARN_UNINITIALIZED_AUTOS = YES_AGGRESSIVE;
				GCC_WARN_UNUSED_FUNCTION = YES;
				GCC_WARN_UNUSED_VARIABLE = YES;
				IPHONEOS_DEPLOYMENT_TARGET = 16.0;
				MTL_ENABLE_DEBUG_INFO = INCLUDE_SOURCE;
				MTL_FAST_MATH = YES;
				ONLY_ACTIVE_ARCH = YES;
				SDKROOT = iphoneos;
				SWIFT_ACTIVE_COMPILATION_CONDITIONS = DEBUG;
				SWIFT_OPTIMIZATION_LEVEL = "-Onone";
			};
			name = Debug;
		};
		55B9FF5E2900937F00F64053 /* Release */ = {
			isa = XCBuildConfiguration;
			buildSettings = {
				ALWAYS_SEARCH_USER_PATHS = NO;
				CLANG_ANALYZER_NONNULL = YES;
				CLANG_ANALYZER_NUMBER_OBJECT_CONVERSION = YES_AGGRESSIVE;
				CLANG_CXX_LANGUAGE_STANDARD = "gnu++20";
				CLANG_ENABLE_MODULES = YES;
				CLANG_ENABLE_OBJC_ARC = YES;
				CLANG_ENABLE_OBJC_WEAK = YES;
				CLANG_WARN_BLOCK_CAPTURE_AUTORELEASING = YES;
				CLANG_WARN_BOOL_CONVERSION = YES;
				CLANG_WARN_COMMA = YES;
				CLANG_WARN_CONSTANT_CONVERSION = YES;
				CLANG_WARN_DEPRECATED_OBJC_IMPLEMENTATIONS = YES;
				CLANG_WARN_DIRECT_OBJC_ISA_USAGE = YES_ERROR;
				CLANG_WARN_DOCUMENTATION_COMMENTS = YES;
				CLANG_WARN_EMPTY_BODY = YES;
				CLANG_WARN_ENUM_CONVERSION = YES;
				CLANG_WARN_INFINITE_RECURSION = YES;
				CLANG_WARN_INT_CONVERSION = YES;
				CLANG_WARN_NON_LITERAL_NULL_CONVERSION = YES;
				CLANG_WARN_OBJC_IMPLICIT_RETAIN_SELF = YES;
				CLANG_WARN_OBJC_LITERAL_CONVERSION = YES;
				CLANG_WARN_OBJC_ROOT_CLASS = YES_ERROR;
				CLANG_WARN_QUOTED_INCLUDE_IN_FRAMEWORK_HEADER = YES;
				CLANG_WARN_RANGE_LOOP_ANALYSIS = YES;
				CLANG_WARN_STRICT_PROTOTYPES = YES;
				CLANG_WARN_SUSPICIOUS_MOVE = YES;
				CLANG_WARN_UNGUARDED_AVAILABILITY = YES_AGGRESSIVE;
				CLANG_WARN_UNREACHABLE_CODE = YES;
				CLANG_WARN__DUPLICATE_METHOD_MATCH = YES;
				COPY_PHASE_STRIP = NO;
				DEBUG_INFORMATION_FORMAT = "dwarf-with-dsym";
				ENABLE_NS_ASSERTIONS = NO;
				ENABLE_STRICT_OBJC_MSGSEND = YES;
				GCC_C_LANGUAGE_STANDARD = gnu11;
				GCC_NO_COMMON_BLOCKS = YES;
				GCC_WARN_64_TO_32_BIT_CONVERSION = YES;
				GCC_WARN_ABOUT_RETURN_TYPE = YES_ERROR;
				GCC_WARN_UNDECLARED_SELECTOR = YES;
				GCC_WARN_UNINITIALIZED_AUTOS = YES_AGGRESSIVE;
				GCC_WARN_UNUSED_FUNCTION = YES;
				GCC_WARN_UNUSED_VARIABLE = YES;
				IPHONEOS_DEPLOYMENT_TARGET = 16.0;
				MTL_ENABLE_DEBUG_INFO = NO;
				MTL_FAST_MATH = YES;
				SDKROOT = iphoneos;
				SWIFT_COMPILATION_MODE = wholemodule;
				SWIFT_OPTIMIZATION_LEVEL = "-O";
				VALIDATE_PRODUCT = YES;
			};
			name = Release;
		};
		55B9FF602900937F00F64053 /* Debug */ = {
			isa = XCBuildConfiguration;
			baseConfigurationReference = 6019810F4474EC303FD8BCA0 /* Pods-marvel_app_labs.debug.xcconfig */;
			buildSettings = {
				ASSETCATALOG_COMPILER_APPICON_NAME = AppIcon;
				ASSETCATALOG_COMPILER_GLOBAL_ACCENT_COLOR_NAME = AccentColor;
				CODE_SIGN_STYLE = Automatic;
				CURRENT_PROJECT_VERSION = 1;
				DEVELOPMENT_TEAM = 4S3BK8K299;
				FRAMEWORK_SEARCH_PATHS = (
					"$(inherited)",
					"$(PROJECT_DIR)",
				);
				GENERATE_INFOPLIST_FILE = YES;
				INFOPLIST_FILE = marvel_app_labs/Info.plist;
				INFOPLIST_KEY_UIApplicationSupportsIndirectInputEvents = YES;
				INFOPLIST_KEY_UILaunchStoryboardName = LaunchScreen;
				INFOPLIST_KEY_UIMainStoryboardFile = "";
				INFOPLIST_KEY_UIRequiredDeviceCapabilities = armv7;
				INFOPLIST_KEY_UISupportedInterfaceOrientations = "UIInterfaceOrientationPortrait UIInterfaceOrientationLandscapeLeft UIInterfaceOrientationLandscapeRight";
				INFOPLIST_KEY_UISupportedInterfaceOrientations_iPad = "UIInterfaceOrientationPortrait UIInterfaceOrientationPortraitUpsideDown UIInterfaceOrientationLandscapeLeft UIInterfaceOrientationLandscapeRight";
				INFOPLIST_KEY_UISupportedInterfaceOrientations_iPhone = "UIInterfaceOrientationPortrait UIInterfaceOrientationLandscapeLeft UIInterfaceOrientationLandscapeRight";
				LD_RUNPATH_SEARCH_PATHS = (
					"$(inherited)",
					"@executable_path/Frameworks",
				);
				MARKETING_VERSION = 1.0;
				PRODUCT_BUNDLE_IDENTIFIER = effective.marvel.labs;
				PRODUCT_NAME = "$(TARGET_NAME)";
				SWIFT_EMIT_LOC_STRINGS = YES;
				SWIFT_VERSION = 5.0;
				TARGETED_DEVICE_FAMILY = "1,2";
			};
			name = Debug;
		};
		55B9FF612900937F00F64053 /* Release */ = {
			isa = XCBuildConfiguration;
			baseConfigurationReference = 35649D0ECA469F4410335BDD /* Pods-marvel_app_labs.release.xcconfig */;
			buildSettings = {
				ASSETCATALOG_COMPILER_APPICON_NAME = AppIcon;
				ASSETCATALOG_COMPILER_GLOBAL_ACCENT_COLOR_NAME = AccentColor;
				CODE_SIGN_STYLE = Automatic;
				CURRENT_PROJECT_VERSION = 1;
				DEVELOPMENT_TEAM = 4S3BK8K299;
				FRAMEWORK_SEARCH_PATHS = (
					"$(inherited)",
					"$(PROJECT_DIR)",
				);
				GENERATE_INFOPLIST_FILE = YES;
				INFOPLIST_FILE = marvel_app_labs/Info.plist;
				INFOPLIST_KEY_UIApplicationSupportsIndirectInputEvents = YES;
				INFOPLIST_KEY_UILaunchStoryboardName = LaunchScreen;
				INFOPLIST_KEY_UIMainStoryboardFile = "";
				INFOPLIST_KEY_UIRequiredDeviceCapabilities = armv7;
				INFOPLIST_KEY_UISupportedInterfaceOrientations = "UIInterfaceOrientationPortrait UIInterfaceOrientationLandscapeLeft UIInterfaceOrientationLandscapeRight";
				INFOPLIST_KEY_UISupportedInterfaceOrientations_iPad = "UIInterfaceOrientationPortrait UIInterfaceOrientationPortraitUpsideDown UIInterfaceOrientationLandscapeLeft UIInterfaceOrientationLandscapeRight";
				INFOPLIST_KEY_UISupportedInterfaceOrientations_iPhone = "UIInterfaceOrientationPortrait UIInterfaceOrientationLandscapeLeft UIInterfaceOrientationLandscapeRight";
				LD_RUNPATH_SEARCH_PATHS = (
					"$(inherited)",
					"@executable_path/Frameworks",
				);
				MARKETING_VERSION = 1.0;
				PRODUCT_BUNDLE_IDENTIFIER = effective.marvel.labs;
				PRODUCT_NAME = "$(TARGET_NAME)";
				SWIFT_EMIT_LOC_STRINGS = YES;
				SWIFT_VERSION = 5.0;
				TARGETED_DEVICE_FAMILY = "1,2";
			};
			name = Release;
		};
/* End XCBuildConfiguration section */

/* Begin XCConfigurationList section */
		55B9FF462900937D00F64053 /* Build configuration list for PBXProject "marvel_app_labs" */ = {
			isa = XCConfigurationList;
			buildConfigurations = (
				55B9FF5D2900937F00F64053 /* Debug */,
				55B9FF5E2900937F00F64053 /* Release */,
			);
			defaultConfigurationIsVisible = 0;
			defaultConfigurationName = Release;
		};
		55B9FF5F2900937F00F64053 /* Build configuration list for PBXNativeTarget "marvel_app_labs" */ = {
			isa = XCConfigurationList;
			buildConfigurations = (
				55B9FF602900937F00F64053 /* Debug */,
				55B9FF612900937F00F64053 /* Release */,
			);
			defaultConfigurationIsVisible = 0;
			defaultConfigurationName = Release;
		};
/* End XCConfigurationList section */

/* Begin XCRemoteSwiftPackageReference section */
		0F73873A2932709D00FD8C3B /* XCRemoteSwiftPackageReference "Kingfisher" */ = {
			isa = XCRemoteSwiftPackageReference;
			repositoryURL = "https://github.com/onevcat/Kingfisher.git";
			requirement = {
				kind = upToNextMajorVersion;
				minimumVersion = 7.0.0;
			};
		};
		0FA84B7F293CCFDE0065E69F /* XCRemoteSwiftPackageReference "TinyConstraints" */ = {
			isa = XCRemoteSwiftPackageReference;
			repositoryURL = "https://github.com/roberthein/TinyConstraints.git";
			requirement = {
				kind = upToNextMajorVersion;
				minimumVersion = 4.0.0;
			};
		};
		F7BDDAA029068BD000D4E7FE /* XCRemoteSwiftPackageReference "SnapKit" */ = {
			isa = XCRemoteSwiftPackageReference;
			repositoryURL = "https://github.com/SnapKit/SnapKit";
			requirement = {
				kind = upToNextMajorVersion;
				minimumVersion = 5.0.0;
			};
		};
/* End XCRemoteSwiftPackageReference section */

/* Begin XCSwiftPackageProductDependency section */
		0F73873B2932709D00FD8C3B /* Kingfisher */ = {
			isa = XCSwiftPackageProductDependency;
			package = 0F73873A2932709D00FD8C3B /* XCRemoteSwiftPackageReference "Kingfisher" */;
			productName = Kingfisher;
		};
		0FA84B80293CCFDE0065E69F /* TinyConstraints */ = {
			isa = XCSwiftPackageProductDependency;
			package = 0FA84B7F293CCFDE0065E69F /* XCRemoteSwiftPackageReference "TinyConstraints" */;
			productName = TinyConstraints;
		};
		F7BDDAA129068BD000D4E7FE /* SnapKit */ = {
			isa = XCSwiftPackageProductDependency;
			package = F7BDDAA029068BD000D4E7FE /* XCRemoteSwiftPackageReference "SnapKit" */;
			productName = SnapKit;
		};
/* End XCSwiftPackageProductDependency section */
	};
	rootObject = 55B9FF432900937D00F64053 /* Project object */;
}
